// !$*UTF8*$!
{
	archiveVersion = 1;
	classes = {
	};
	objectVersion = 46;
	objects = {

/* Begin PBXBuildFile section */
		3961EB001D49121E00FC6FE8 /* WebView.m in Sources */ = {isa = PBXBuildFile; fileRef = 3961EAFF1D49121E00FC6FE8 /* WebView.m */; };
		3961EB021D492DEC00FC6FE8 /* foodIcon.png in Resources */ = {isa = PBXBuildFile; fileRef = 3961EB011D492DEC00FC6FE8 /* foodIcon.png */; };
		3961EB041D492DF200FC6FE8 /* ttttLogo.png in Resources */ = {isa = PBXBuildFile; fileRef = 3961EB031D492DF200FC6FE8 /* ttttLogo.png */; };
		396524B81D46673C009D7060 /* main.m in Sources */ = {isa = PBXBuildFile; fileRef = 396524B71D46673C009D7060 /* main.m */; };
		396524BB1D46673C009D7060 /* AppDelegate.m in Sources */ = {isa = PBXBuildFile; fileRef = 396524BA1D46673C009D7060 /* AppDelegate.m */; };
		396524BE1D46673C009D7060 /* ViewController.m in Sources */ = {isa = PBXBuildFile; fileRef = 396524BD1D46673C009D7060 /* ViewController.m */; };
		396524C11D46673C009D7060 /* Main.storyboard in Resources */ = {isa = PBXBuildFile; fileRef = 396524BF1D46673C009D7060 /* Main.storyboard */; };
		396524C31D46673C009D7060 /* Assets.xcassets in Resources */ = {isa = PBXBuildFile; fileRef = 396524C21D46673C009D7060 /* Assets.xcassets */; };
		396524C61D46673C009D7060 /* LaunchScreen.storyboard in Resources */ = {isa = PBXBuildFile; fileRef = 396524C41D46673C009D7060 /* LaunchScreen.storyboard */; };
		396524CE1D46675A009D7060 /* MapKit.framework in Frameworks */ = {isa = PBXBuildFile; fileRef = 396524CD1D46675A009D7060 /* MapKit.framework */; };
		39C873CC1D47EF8B00F8C811 /* Annotation.m in Sources */ = {isa = PBXBuildFile; fileRef = 39C873CB1D47EF8B00F8C811 /* Annotation.m */; };
/* End PBXBuildFile section */

/* Begin PBXFileReference section */
		3961EAFE1D49121E00FC6FE8 /* WebView.h */ = {isa = PBXFileReference; fileEncoding = 4; lastKnownFileType = sourcecode.c.h; path = WebView.h; sourceTree = "<group>"; };
		3961EAFF1D49121E00FC6FE8 /* WebView.m */ = {isa = PBXFileReference; fileEncoding = 4; lastKnownFileType = sourcecode.c.objc; path = WebView.m; sourceTree = "<group>"; };
		3961EB011D492DEC00FC6FE8 /* foodIcon.png */ = {isa = PBXFileReference; lastKnownFileType = image.png; name = foodIcon.png; path = ../../../../Documents/foodIcon.png; sourceTree = "<group>"; };
		3961EB031D492DF200FC6FE8 /* ttttLogo.png */ = {isa = PBXFileReference; lastKnownFileType = image.png; name = ttttLogo.png; path = ../../../../Documents/ttttLogo.png; sourceTree = "<group>"; };
		396524B31D46673C009D7060 /* mapViewProject.app */ = {isa = PBXFileReference; explicitFileType = wrapper.application; includeInIndex = 0; path = mapViewProject.app; sourceTree = BUILT_PRODUCTS_DIR; };
		396524B71D46673C009D7060 /* main.m */ = {isa = PBXFileReference; lastKnownFileType = sourcecode.c.objc; path = main.m; sourceTree = "<group>"; };
		396524B91D46673C009D7060 /* AppDelegate.h */ = {isa = PBXFileReference; lastKnownFileType = sourcecode.c.h; path = AppDelegate.h; sourceTree = "<group>"; };
		396524BA1D46673C009D7060 /* AppDelegate.m */ = {isa = PBXFileReference; lastKnownFileType = sourcecode.c.objc; path = AppDelegate.m; sourceTree = "<group>"; };
		396524BC1D46673C009D7060 /* ViewController.h */ = {isa = PBXFileReference; lastKnownFileType = sourcecode.c.h; path = ViewController.h; sourceTree = "<group>"; };
		396524BD1D46673C009D7060 /* ViewController.m */ = {isa = PBXFileReference; lastKnownFileType = sourcecode.c.objc; path = ViewController.m; sourceTree = "<group>"; };
		396524C01D46673C009D7060 /* Base */ = {isa = PBXFileReference; lastKnownFileType = file.storyboard; name = Base; path = Base.lproj/Main.storyboard; sourceTree = "<group>"; };
		396524C21D46673C009D7060 /* Assets.xcassets */ = {isa = PBXFileReference; lastKnownFileType = folder.assetcatalog; path = Assets.xcassets; sourceTree = "<group>"; };
		396524C51D46673C009D7060 /* Base */ = {isa = PBXFileReference; lastKnownFileType = file.storyboard; name = Base; path = Base.lproj/LaunchScreen.storyboard; sourceTree = "<group>"; };
		396524C71D46673C009D7060 /* Info.plist */ = {isa = PBXFileReference; lastKnownFileType = text.plist.xml; path = Info.plist; sourceTree = "<group>"; };
		396524CD1D46675A009D7060 /* MapKit.framework */ = {isa = PBXFileReference; lastKnownFileType = wrapper.framework; name = MapKit.framework; path = System/Library/Frameworks/MapKit.framework; sourceTree = SDKROOT; };
		39C873CA1D47EF8B00F8C811 /* Annotation.h */ = {isa = PBXFileReference; fileEncoding = 4; lastKnownFileType = sourcecode.c.h; path = Annotation.h; sourceTree = "<group>"; };
		39C873CB1D47EF8B00F8C811 /* Annotation.m */ = {isa = PBXFileReference; fileEncoding = 4; lastKnownFileType = sourcecode.c.objc; path = Annotation.m; sourceTree = "<group>"; };
/* End PBXFileReference section */

/* Begin PBXFrameworksBuildPhase section */
		396524B01D46673C009D7060 /* Frameworks */ = {
			isa = PBXFrameworksBuildPhase;
			buildActionMask = 2147483647;
			files = (
				396524CE1D46675A009D7060 /* MapKit.framework in Frameworks */,
			);
			runOnlyForDeploymentPostprocessing = 0;
		};
/* End PBXFrameworksBuildPhase section */

/* Begin PBXGroup section */
		396524AA1D46673C009D7060 = {
			isa = PBXGroup;
			children = (
				396524CD1D46675A009D7060 /* MapKit.framework */,
				396524B51D46673C009D7060 /* mapViewProject */,
				396524B41D46673C009D7060 /* Products */,
			);
			sourceTree = "<group>";
		};
		396524B41D46673C009D7060 /* Products */ = {
			isa = PBXGroup;
			children = (
				396524B31D46673C009D7060 /* mapViewProject.app */,
			);
			name = Products;
			sourceTree = "<group>";
		};
		396524B51D46673C009D7060 /* mapViewProject */ = {
			isa = PBXGroup;
			children = (
				396524B91D46673C009D7060 /* AppDelegate.h */,
				396524BA1D46673C009D7060 /* AppDelegate.m */,
				396524BC1D46673C009D7060 /* ViewController.h */,
				396524BD1D46673C009D7060 /* ViewController.m */,
				39C873CA1D47EF8B00F8C811 /* Annotation.h */,
				39C873CB1D47EF8B00F8C811 /* Annotation.m */,
				3961EAFE1D49121E00FC6FE8 /* WebView.h */,
				3961EAFF1D49121E00FC6FE8 /* WebView.m */,
				396524BF1D46673C009D7060 /* Main.storyboard */,
				396524C21D46673C009D7060 /* Assets.xcassets */,
				396524C41D46673C009D7060 /* LaunchScreen.storyboard */,
				396524C71D46673C009D7060 /* Info.plist */,
				396524B61D46673C009D7060 /* Supporting Files */,
			);
			path = mapViewProject;
			sourceTree = "<group>";
		};
		396524B61D46673C009D7060 /* Supporting Files */ = {
			isa = PBXGroup;
			children = (
				396524B71D46673C009D7060 /* main.m */,
				3961EB011D492DEC00FC6FE8 /* foodIcon.png */,
				3961EB031D492DF200FC6FE8 /* ttttLogo.png */,
			);
			name = "Supporting Files";
			sourceTree = "<group>";
		};
/* End PBXGroup section */

/* Begin PBXNativeTarget section */
		396524B21D46673C009D7060 /* mapViewProject */ = {
			isa = PBXNativeTarget;
			buildConfigurationList = 396524CA1D46673C009D7060 /* Build configuration list for PBXNativeTarget "mapViewProject" */;
			buildPhases = (
				396524AF1D46673C009D7060 /* Sources */,
				396524B01D46673C009D7060 /* Frameworks */,
				396524B11D46673C009D7060 /* Resources */,
			);
			buildRules = (
			);
			dependencies = (
			);
			name = mapViewProject;
			productName = mapViewProject;
			productReference = 396524B31D46673C009D7060 /* mapViewProject.app */;
			productType = "com.apple.product-type.application";
		};
/* End PBXNativeTarget section */

/* Begin PBXProject section */
		396524AB1D46673C009D7060 /* Project object */ = {
			isa = PBXProject;
			attributes = {
				LastUpgradeCheck = 0730;
				ORGANIZATIONNAME = "amir sankar";
				TargetAttributes = {
					396524B21D46673C009D7060 = {
						CreatedOnToolsVersion = 7.3.1;
						DevelopmentTeam = TR82QUNFL3;
					};
				};
			};
			buildConfigurationList = 396524AE1D46673C009D7060 /* Build configuration list for PBXProject "mapViewProject" */;
			compatibilityVersion = "Xcode 3.2";
			developmentRegion = English;
			hasScannedForEncodings = 0;
			knownRegions = (
				en,
				Base,
			);
			mainGroup = 396524AA1D46673C009D7060;
			productRefGroup = 396524B41D46673C009D7060 /* Products */;
			projectDirPath = "";
			projectRoot = "";
			targets = (
				396524B21D46673C009D7060 /* mapViewProject */,
			);
		};
/* End PBXProject section */

/* Begin PBXResourcesBuildPhase section */
		396524B11D46673C009D7060 /* Resources */ = {
			isa = PBXResourcesBuildPhase;
			buildActionMask = 2147483647;
			files = (
				3961EB041D492DF200FC6FE8 /* ttttLogo.png in Resources */,
				396524C61D46673C009D7060 /* LaunchScreen.storyboard in Resources */,
				396524C31D46673C009D7060 /* Assets.xcassets in Resources */,
				3961EB021D492DEC00FC6FE8 /* foodIcon.png in Resources */,
				396524C11D46673C009D7060 /* Main.storyboard in Resources */,
			);
			runOnlyForDeploymentPostprocessing = 0;
		};
/* End PBXResourcesBuildPhase section */

/* Begin PBXSourcesBuildPhase section */
		396524AF1D46673C009D7060 /* Sources */ = {
			isa = PBXSourcesBuildPhase;
			buildActionMask = 2147483647;
			files = (
				396524BE1D46673C009D7060 /* ViewController.m in Sources */,
				396524BB1D46673C009D7060 /* AppDelegate.m in Sources */,
				3961EB001D49121E00FC6FE8 /* WebView.m in Sources */,
				39C873CC1D47EF8B00F8C811 /* Annotation.m in Sources */,
				396524B81D46673C009D7060 /* main.m in Sources */,
			);
			runOnlyForDeploymentPostprocessing = 0;
		};
/* End PBXSourcesBuildPhase section */

/* Begin PBXVariantGroup section */
		396524BF1D46673C009D7060 /* Main.storyboard */ = {
			isa = PBXVariantGroup;
			children = (
				396524C01D46673C009D7060 /* Base */,
			);
			name = Main.storyboard;
			sourceTree = "<group>";
		};
		396524C41D46673C009D7060 /* LaunchScreen.storyboard */ = {
			isa = PBXVariantGroup;
			children = (
				396524C51D46673C009D7060 /* Base */,
			);
			name = LaunchScreen.storyboard;
			sourceTree = "<group>";
		};
/* End PBXVariantGroup section */

/* Begin XCBuildConfiguration section */
		396524C81D46673C009D7060 /* Debug */ = {
			isa = XCBuildConfiguration;
			buildSettings = {
				ALWAYS_SEARCH_USER_PATHS = NO;
				CLANG_ANALYZER_NONNULL = YES;
				CLANG_CXX_LANGUAGE_STANDARD = "gnu++0x";
				CLANG_CXX_LIBRARY = "libc++";
				CLANG_ENABLE_MODULES = YES;
				CLANG_ENABLE_OBJC_ARC = YES;
				CLANG_WARN_BOOL_CONVERSION = YES;
				CLANG_WARN_CONSTANT_CONVERSION = YES;
				CLANG_WARN_DIRECT_OBJC_ISA_USAGE = YES_ERROR;
				CLANG_WARN_EMPTY_BODY = YES;
				CLANG_WARN_ENUM_CONVERSION = YES;
				CLANG_WARN_INT_CONVERSION = YES;
				CLANG_WARN_OBJC_ROOT_CLASS = YES_ERROR;
				CLANG_WARN_UNREACHABLE_CODE = YES;
				CLANG_WARN__DUPLICATE_METHOD_MATCH = YES;
				"CODE_SIGN_IDENTITY[sdk=iphoneos*]" = "iPhone Developer";
				COPY_PHASE_STRIP = NO;
				DEBUG_INFORMATION_FORMAT = dwarf;
				ENABLE_STRICT_OBJC_MSGSEND = YES;
				ENABLE_TESTABILITY = YES;
				GCC_C_LANGUAGE_STANDARD = gnu99;
				GCC_DYNAMIC_NO_PIC = NO;
				GCC_NO_COMMON_BLOCKS = YES;
				GCC_OPTIMIZATION_LEVEL = 0;
				GCC_PREPROCESSOR_DEFINITIONS = (
					"DEBUG=1",
					"$(inherited)",
				);
				GCC_WARN_64_TO_32_BIT_CONVERSION = YES;
				GCC_WARN_ABOUT_RETURN_TYPE = YES_ERROR;
				GCC_WARN_UNDECLARED_SELECTOR = YES;
				GCC_WARN_UNINITIALIZED_AUTOS = YES_AGGRESSIVE;
				GCC_WARN_UNUSED_FUNCTION = YES;
				GCC_WARN_UNUSED_VARIABLE = YES;
				IPHONEOS_DEPLOYMENT_TARGET = 9.3;
				MTL_ENABLE_DEBUG_INFO = YES;
				ONLY_ACTIVE_ARCH = YES;
				SDKROOT = iphoneos;
				TARGETED_DEVICE_FAMILY = "1,2";
			};
			name = Debug;
		};
		396524C91D46673C009D7060 /* Release */ = {
			isa = XCBuildConfiguration;
			buildSettings = {
				ALWAYS_SEARCH_USER_PATHS = NO;
				CLANG_ANALYZER_NONNULL = YES;
				CLANG_CXX_LANGUAGE_STANDARD = "gnu++0x";
				CLANG_CXX_LIBRARY = "libc++";
				CLANG_ENABLE_MODULES = YES;
				CLANG_ENABLE_OBJC_ARC = YES;
				CLANG_WARN_BOOL_CONVERSION = YES;
				CLANG_WARN_CONSTANT_CONVERSION = YES;
				CLANG_WARN_DIRECT_OBJC_ISA_USAGE = YES_ERROR;
				CLANG_WARN_EMPTY_BODY = YES;
				CLANG_WARN_ENUM_CONVERSION = YES;
				CLANG_WARN_INT_CONVERSION = YES;
				CLANG_WARN_OBJC_ROOT_CLASS = YES_ERROR;
				CLANG_WARN_UNREACHABLE_CODE = YES;
				CLANG_WARN__DUPLICATE_METHOD_MATCH = YES;
				"CODE_SIGN_IDENTITY[sdk=iphoneos*]" = "iPhone Developer";
				COPY_PHASE_STRIP = NO;
				DEBUG_INFORMATION_FORMAT = "dwarf-with-dsym";
				ENABLE_NS_ASSERTIONS = NO;
				ENABLE_STRICT_OBJC_MSGSEND = YES;
				GCC_C_LANGUAGE_STANDARD = gnu99;
				GCC_NO_COMMON_BLOCKS = YES;
				GCC_WARN_64_TO_32_BIT_CONVERSION = YES;
				GCC_WARN_ABOUT_RETURN_TYPE = YES_ERROR;
				GCC_WARN_UNDECLARED_SELECTOR = YES;
				GCC_WARN_UNINITIALIZED_AUTOS = YES_AGGRESSIVE;
				GCC_WARN_UNUSED_FUNCTION = YES;
				GCC_WARN_UNUSED_VARIABLE = YES;
				IPHONEOS_DEPLOYMENT_TARGET = 9.3;
				MTL_ENABLE_DEBUG_INFO = NO;
				SDKROOT = iphoneos;
				TARGETED_DEVICE_FAMILY = "1,2";
				VALIDATE_PRODUCT = YES;
			};
			name = Release;
		};
		396524CB1D46673C009D7060 /* Debug */ = {
			isa = XCBuildConfiguration;
			buildSettings = {
				ASSETCATALOG_COMPILER_APPICON_NAME = AppIcon;
				INFOPLIST_FILE = mapViewProject/Info.plist;
				LD_RUNPATH_SEARCH_PATHS = "$(inherited) @executable_path/Frameworks";
				PRODUCT_BUNDLE_IDENTIFIER = com.bignerdranch.mapViewProject;
				PRODUCT_NAME = "$(TARGET_NAME)";
			};
			name = Debug;
		};
		396524CC1D46673C009D7060 /* Release */ = {
			isa = XCBuildConfiguration;
			buildSettings = {
				ASSETCATALOG_COMPILER_APPICON_NAME = AppIcon;
				INFOPLIST_FILE = mapViewProject/Info.plist;
				LD_RUNPATH_SEARCH_PATHS = "$(inherited) @executable_path/Frameworks";
				PRODUCT_BUNDLE_IDENTIFIER = com.bignerdranch.mapViewProject;
				PRODUCT_NAME = "$(TARGET_NAME)";
			};
			name = Release;
		};
/* End XCBuildConfiguration section */

/* Begin XCConfigurationList section */
		396524AE1D46673C009D7060 /* Build configuration list for PBXProject "mapViewProject" */ = {
			isa = XCConfigurationList;
			buildConfigurations = (
				396524C81D46673C009D7060 /* Debug */,
				396524C91D46673C009D7060 /* Release */,
			);
			defaultConfigurationIsVisible = 0;
			defaultConfigurationName = Release;
		};
		396524CA1D46673C009D7060 /* Build configuration list for PBXNativeTarget "mapViewProject" */ = {
			isa = XCConfigurationList;
			buildConfigurations = (
				396524CB1D46673C009D7060 /* Debug */,
				396524CC1D46673C009D7060 /* Release */,
			);
			defaultConfigurationIsVisible = 0;
			defaultConfigurationName = Release;
		};
/* End XCConfigurationList section */
	};
	rootObject = 396524AB1D46673C009D7060 /* Project object */;
}
